
Microsoft Visual Studio Solution File, Format Version 12.00
# Visual Studio Version 17
VisualStudioVersion = 17.2.32516.85
MinimumVisualStudioVersion = 10.0.40219.1
Project("{2150E333-8FDC-42A3-9474-1A3956D46DE8}") = "Behavioral", "Behavioral", "{9903B2F6-1B9B-4D06-8007-D6CB5E2423CF}"
EndProject
Project("{2150E333-8FDC-42A3-9474-1A3956D46DE8}") = "Creational", "Creational", "{57A24283-991A-457B-88E3-6532CB83D2AC}"
EndProject
Project("{2150E333-8FDC-42A3-9474-1A3956D46DE8}") = "Structural", "Structural", "{EC3FB65F-32BD-47EA-B2EC-F746A2264D08}"
EndProject
Project("{FAE04EC0-301F-11D3-BF4B-00C04F79EFBC}") = "Builder", "Builder\Builder.csproj", "{9CEB31F5-E1B2-43CE-8C9E-815010302982}"
EndProject
Project("{FAE04EC0-301F-11D3-BF4B-00C04F79EFBC}") = "Factory", "Factory\Factory.csproj", "{26EC431F-4F22-4EEE-ADEE-6B8C2FE54A6D}"
EndProject
Project("{FAE04EC0-301F-11D3-BF4B-00C04F79EFBC}") = "AbstractFactory", "AbstractFactory\AbstractFactory.csproj", "{C9BCAAFB-5C8E-41E7-95DE-78B9159CE7E4}"
EndProject
Project("{FAE04EC0-301F-11D3-BF4B-00C04F79EFBC}") = "Prototype", "Prototype\Prototype.csproj", "{371354B7-40B5-41CD-9404-1F7ED3E183A1}"
EndProject
Project("{FAE04EC0-301F-11D3-BF4B-00C04F79EFBC}") = "Singleton", "Singleton\Singleton.csproj", "{D03D38E7-EC45-4B69-8576-0749FF43D165}"
EndProject
Project("{FAE04EC0-301F-11D3-BF4B-00C04F79EFBC}") = "Strategy", "Strategy\Strategy.csproj", "{8D335D21-9EEF-455D-B940-27FDBB2CBC02}"
EndProject
Project("{FAE04EC0-301F-11D3-BF4B-00C04F79EFBC}") = "Observer", "Observer\Observer.csproj", "{064520F6-9BCE-4A05-A336-FFC4D1467DE6}"
EndProject
Project("{FAE04EC0-301F-11D3-BF4B-00C04F79EFBC}") = "Mediator", "Mediator\Mediator.csproj", "{173763A5-1A2F-4EA1-995D-701C6347D62F}"
EndProject
Project("{FAE04EC0-301F-11D3-BF4B-00C04F79EFBC}") = "Chain_of_responsibility", "Chain_of_responsibility\Chain_of_responsibility.csproj", "{05091896-8B3D-490D-9EC6-A55DB3A819F0}"
EndProject
Project("{FAE04EC0-301F-11D3-BF4B-00C04F79EFBC}") = "TemplateMethod", "TemplateMethod\TemplateMethod.csproj", "{648EEB9E-F8F2-4351-858E-91EE9D3B93AB}"
EndProject
Project("{FAE04EC0-301F-11D3-BF4B-00C04F79EFBC}") = "State", "State\State.csproj", "{8A81371F-083E-41FC-8857-D7759F527398}"
EndProject
Global
	GlobalSection(SolutionConfigurationPlatforms) = preSolution
		Debug|Any CPU = Debug|Any CPU
		Release|Any CPU = Release|Any CPU
	EndGlobalSection
	GlobalSection(ProjectConfigurationPlatforms) = postSolution
		{9CEB31F5-E1B2-43CE-8C9E-815010302982}.Debug|Any CPU.ActiveCfg = Debug|Any CPU
		{9CEB31F5-E1B2-43CE-8C9E-815010302982}.Debug|Any CPU.Build.0 = Debug|Any CPU
		{9CEB31F5-E1B2-43CE-8C9E-815010302982}.Release|Any CPU.ActiveCfg = Release|Any CPU
		{9CEB31F5-E1B2-43CE-8C9E-815010302982}.Release|Any CPU.Build.0 = Release|Any CPU
		{26EC431F-4F22-4EEE-ADEE-6B8C2FE54A6D}.Debug|Any CPU.ActiveCfg = Debug|Any CPU
		{26EC431F-4F22-4EEE-ADEE-6B8C2FE54A6D}.Debug|Any CPU.Build.0 = Debug|Any CPU
		{26EC431F-4F22-4EEE-ADEE-6B8C2FE54A6D}.Release|Any CPU.ActiveCfg = Release|Any CPU
		{26EC431F-4F22-4EEE-ADEE-6B8C2FE54A6D}.Release|Any CPU.Build.0 = Release|Any CPU
		{C9BCAAFB-5C8E-41E7-95DE-78B9159CE7E4}.Debug|Any CPU.ActiveCfg = Debug|Any CPU
		{C9BCAAFB-5C8E-41E7-95DE-78B9159CE7E4}.Debug|Any CPU.Build.0 = Debug|Any CPU
		{C9BCAAFB-5C8E-41E7-95DE-78B9159CE7E4}.Release|Any CPU.ActiveCfg = Release|Any CPU
		{C9BCAAFB-5C8E-41E7-95DE-78B9159CE7E4}.Release|Any CPU.Build.0 = Release|Any CPU
		{371354B7-40B5-41CD-9404-1F7ED3E183A1}.Debug|Any CPU.ActiveCfg = Debug|Any CPU
		{371354B7-40B5-41CD-9404-1F7ED3E183A1}.Debug|Any CPU.Build.0 = Debug|Any CPU
		{371354B7-40B5-41CD-9404-1F7ED3E183A1}.Release|Any CPU.ActiveCfg = Release|Any CPU
		{371354B7-40B5-41CD-9404-1F7ED3E183A1}.Release|Any CPU.Build.0 = Release|Any CPU
		{D03D38E7-EC45-4B69-8576-0749FF43D165}.Debug|Any CPU.ActiveCfg = Debug|Any CPU
		{D03D38E7-EC45-4B69-8576-0749FF43D165}.Debug|Any CPU.Build.0 = Debug|Any CPU
		{D03D38E7-EC45-4B69-8576-0749FF43D165}.Release|Any CPU.ActiveCfg = Release|Any CPU
		{D03D38E7-EC45-4B69-8576-0749FF43D165}.Release|Any CPU.Build.0 = Release|Any CPU
		{8D335D21-9EEF-455D-B940-27FDBB2CBC02}.Debug|Any CPU.ActiveCfg = Debug|Any CPU
		{8D335D21-9EEF-455D-B940-27FDBB2CBC02}.Debug|Any CPU.Build.0 = Debug|Any CPU
		{8D335D21-9EEF-455D-B940-27FDBB2CBC02}.Release|Any CPU.ActiveCfg = Release|Any CPU
		{8D335D21-9EEF-455D-B940-27FDBB2CBC02}.Release|Any CPU.Build.0 = Release|Any CPU
		{064520F6-9BCE-4A05-A336-FFC4D1467DE6}.Debug|Any CPU.ActiveCfg = Debug|Any CPU
		{064520F6-9BCE-4A05-A336-FFC4D1467DE6}.Debug|Any CPU.Build.0 = Debug|Any CPU
		{064520F6-9BCE-4A05-A336-FFC4D1467DE6}.Release|Any CPU.ActiveCfg = Release|Any CPU
		{064520F6-9BCE-4A05-A336-FFC4D1467DE6}.Release|Any CPU.Build.0 = Release|Any CPU
		{173763A5-1A2F-4EA1-995D-701C6347D62F}.Debug|Any CPU.ActiveCfg = Debug|Any CPU
		{173763A5-1A2F-4EA1-995D-701C6347D62F}.Debug|Any CPU.Build.0 = Debug|Any CPU
		{173763A5-1A2F-4EA1-995D-701C6347D62F}.Release|Any CPU.ActiveCfg = Release|Any CPU
		{173763A5-1A2F-4EA1-995D-701C6347D62F}.Release|Any CPU.Build.0 = Release|Any CPU
		{05091896-8B3D-490D-9EC6-A55DB3A819F0}.Debug|Any CPU.ActiveCfg = Debug|Any CPU
		{05091896-8B3D-490D-9EC6-A55DB3A819F0}.Debug|Any CPU.Build.0 = Debug|Any CPU
		{05091896-8B3D-490D-9EC6-A55DB3A819F0}.Release|Any CPU.ActiveCfg = Release|Any CPU
		{05091896-8B3D-490D-9EC6-A55DB3A819F0}.Release|Any CPU.Build.0 = Release|Any CPU
		{648EEB9E-F8F2-4351-858E-91EE9D3B93AB}.Debug|Any CPU.ActiveCfg = Debug|Any CPU
		{648EEB9E-F8F2-4351-858E-91EE9D3B93AB}.Debug|Any CPU.Build.0 = Debug|Any CPU
		{648EEB9E-F8F2-4351-858E-91EE9D3B93AB}.Release|Any CPU.ActiveCfg = Release|Any CPU
		{648EEB9E-F8F2-4351-858E-91EE9D3B93AB}.Release|Any CPU.Build.0 = Release|Any CPU
		{8A81371F-083E-41FC-8857-D7759F527398}.Debug|Any CPU.ActiveCfg = Debug|Any CPU
		{8A81371F-083E-41FC-8857-D7759F527398}.Debug|Any CPU.Build.0 = Debug|Any CPU
		{8A81371F-083E-41FC-8857-D7759F527398}.Release|Any CPU.ActiveCfg = Release|Any CPU
		{8A81371F-083E-41FC-8857-D7759F527398}.Release|Any CPU.Build.0 = Release|Any CPU
	EndGlobalSection
	GlobalSection(SolutionProperties) = preSolution
		HideSolutionNode = FALSE
	EndGlobalSection
	GlobalSection(NestedProjects) = preSolution
		{9CEB31F5-E1B2-43CE-8C9E-815010302982} = {57A24283-991A-457B-88E3-6532CB83D2AC}
		{26EC431F-4F22-4EEE-ADEE-6B8C2FE54A6D} = {57A24283-991A-457B-88E3-6532CB83D2AC}
		{C9BCAAFB-5C8E-41E7-95DE-78B9159CE7E4} = {57A24283-991A-457B-88E3-6532CB83D2AC}
		{371354B7-40B5-41CD-9404-1F7ED3E183A1} = {57A24283-991A-457B-88E3-6532CB83D2AC}
		{D03D38E7-EC45-4B69-8576-0749FF43D165} = {57A24283-991A-457B-88E3-6532CB83D2AC}
		{8D335D21-9EEF-455D-B940-27FDBB2CBC02} = {9903B2F6-1B9B-4D06-8007-D6CB5E2423CF}
		{064520F6-9BCE-4A05-A336-FFC4D1467DE6} = {9903B2F6-1B9B-4D06-8007-D6CB5E2423CF}
		{173763A5-1A2F-4EA1-995D-701C6347D62F} = {9903B2F6-1B9B-4D06-8007-D6CB5E2423CF}
		{05091896-8B3D-490D-9EC6-A55DB3A819F0} = {9903B2F6-1B9B-4D06-8007-D6CB5E2423CF}
		{648EEB9E-F8F2-4351-858E-91EE9D3B93AB} = {9903B2F6-1B9B-4D06-8007-D6CB5E2423CF}
		{8A81371F-083E-41FC-8857-D7759F527398} = {9903B2F6-1B9B-4D06-8007-D6CB5E2423CF}
	EndGlobalSection
	GlobalSection(ExtensibilityGlobals) = postSolution
		SolutionGuid = {0770BA8B-CB0D-464B-BC9A-18D43A619EB7}
	EndGlobalSection
EndGlobal
